<?xml version="1.0" encoding="utf-8"?>
<Project ToolsVersion="4.0" xmlns="http://schemas.microsoft.com/developer/msbuild/2003">
  <ItemGroup>
    <Filter Include="Source Files">
      <UniqueIdentifier>{4FC737F1-C7A5-4376-A066-2A32D752A2FF}</UniqueIdentifier>
      <Extensions>cpp;c;cc;cxx;def;odl;idl;hpj;bat;asm;asmx</Extensions>
    </Filter>
    <Filter Include="Header Files">
      <UniqueIdentifier>{93995380-89BD-4b04-88EB-625FBE52EBFB}</UniqueIdentifier>
      <Extensions>h;hh;hpp;hxx;hm;inl;inc;xsd</Extensions>
    </Filter>
    <Filter Include="Resource Files">
      <UniqueIdentifier>{67DA6AB6-F800-4c08-8B7A-83BB121AAD01}</UniqueIdentifier>
      <Extensions>rc;ico;cur;bmp;dlg;rc2;rct;bin;rgs;gif;jpg;jpeg;jpe;resx;tiff;tif;png;wav;mfcribbon-ms</Extensions>
    </Filter>
  </ItemGroup>
  <ItemGroup>
    <ClCompile Include="..\ClassFiles\AbstractEntity.cpp">
      <Filter>Source Files</Filter>
    </ClCompile>
    <ClCompile Include="..\ClassFiles\Background.cpp">
      <Filter>Source Files</Filter>
    </ClCompile>
    <ClCompile Include="..\ClassFiles\Bat.cpp">
      <Filter>Source Files</Filter>
    </ClCompile>
    <ClCompile Include="..\ClassFiles\Bottle.cpp">
      <Filter>Source Files</Filter>
    </ClCompile>
    <ClCompile Include="..\ClassFiles\Collider.cpp">
      <Filter>Source Files</Filter>
    </ClCompile>
    <ClCompile Include="..\ClassFiles\Game.cpp">
      <Filter>Source Files</Filter>
    </ClCompile>
    <ClCompile Include="..\ClassFiles\Healthbar.cpp">
      <Filter>Source Files</Filter>
    </ClCompile>
    <ClCompile Include="..\ClassFiles\main.cpp">
      <Filter>Source Files</Filter>
    </ClCompile>
    <ClCompile Include="..\ClassFiles\Menu.cpp">
      <Filter>Source Files</Filter>
    </ClCompile>
    <ClCompile Include="..\ClassFiles\MenuControlsTexture.cpp">
      <Filter>Source Files</Filter>
    </ClCompile>
    <ClCompile Include="..\ClassFiles\MenuCursor.cpp">
      <Filter>Source Files</Filter>
    </ClCompile>
    <ClCompile Include="..\ClassFiles\MenuTexture.cpp">
      <Filter>Source Files</Filter>
    </ClCompile>
    <ClCompile Include="..\ClassFiles\Mixer.cpp">
      <Filter>Source Files</Filter>
    </ClCompile>
    <ClCompile Include="..\ClassFiles\Observable.cpp">
      <Filter>Source Files</Filter>
    </ClCompile>
    <ClCompile Include="..\ClassFiles\ObservableCollisionDetection.cpp">
      <Filter>Source Files</Filter>
    </ClCompile>
    <ClCompile Include="..\ClassFiles\Player.cpp">
      <Filter>Source Files</Filter>
    </ClCompile>
    <ClCompile Include="..\ClassFiles\PlayerLeft.cpp">
      <Filter>Source Files</Filter>
    </ClCompile>
    <ClCompile Include="..\ClassFiles\PlayerRight.cpp">
      <Filter>Source Files</Filter>
    </ClCompile>
    <ClCompile Include="..\ClassFiles\Window.cpp">
      <Filter>Source Files</Filter>
    </ClCompile>
  </ItemGroup>
  <ItemGroup>
    <ClInclude Include="..\ClassFiles\AbstractTexture.h">
      <Filter>Header Files</Filter>
    </ClInclude>
    <ClInclude Include="..\ClassFiles\Background.h">
      <Filter>Header Files</Filter>
    </ClInclude>
    <ClInclude Include="..\ClassFiles\Bat.h">
      <Filter>Header Files</Filter>
    </ClInclude>
    <ClInclude Include="..\ClassFiles\Bottle.h">
      <Filter>Header Files</Filter>
    </ClInclude>
    <ClInclude Include="..\ClassFiles\Collider.h">
      <Filter>Header Files</Filter>
    </ClInclude>
    <ClInclude Include="..\ClassFiles\Game.h">
      <Filter>Header Files</Filter>
    </ClInclude>
    <ClInclude Include="..\ClassFiles\Healthbar.h">
      <Filter>Header Files</Filter>
    </ClInclude>
    <ClInclude Include="..\ClassFiles\LevelElementInterface.h">
      <Filter>Header Files</Filter>
    </ClInclude>
    <ClInclude Include="..\ClassFiles\Menu.h">
      <Filter>Header Files</Filter>
    </ClInclude>
    <ClInclude Include="..\ClassFiles\MenuControlsTexture.h">
      <Filter>Header Files</Filter>
    </ClInclude>
    <ClInclude Include="..\ClassFiles\MenuCursor.h">
      <Filter>Header Files</Filter>
    </ClInclude>
    <ClInclude Include="..\ClassFiles\MenuItemInterface.h">
      <Filter>Header Files</Filter>
    </ClInclude>
    <ClInclude Include="..\ClassFiles\MenuTexture.h">
      <Filter>Header Files</Filter>
    </ClInclude>
    <ClInclude Include="..\ClassFiles\Mixer.h">
      <Filter>Header Files</Filter>
    </ClInclude>
    <ClInclude Include="..\ClassFiles\Observable.h">
      <Filter>Header Files</Filter>
    </ClInclude>
    <ClInclude Include="..\ClassFiles\ObservableCollisionDetection.h">
      <Filter>Header Files</Filter>
    </ClInclude>
    <ClInclude Include="..\ClassFiles\Observer.h">
      <Filter>Header Files</Filter>
    </ClInclude>
    <ClInclude Include="..\ClassFiles\Player.h">
      <Filter>Header Files</Filter>
    </ClInclude>
    <ClInclude Include="..\ClassFiles\PlayerLeft.h">
      <Filter>Header Files</Filter>
    </ClInclude>
    <ClInclude Include="..\ClassFiles\PlayerRight.h">
      <Filter>Header Files</Filter>
    </ClInclude>
    <ClInclude Include="..\ClassFiles\Window.h">
      <Filter>Header Files</Filter>
    </ClInclude>
    <ClInclude Include="LevelTexture.h">
      <Filter>Header Files</Filter>
    </ClInclude>
  </ItemGroup>
</Project>